
Microsoft Visual Studio Solution File, Format Version 12.00
# Visual Studio 14
VisualStudioVersion = 14.0.25420.1
MinimumVisualStudioVersion = 10.0.40219.1
Project("{FAE04EC0-301F-11D3-BF4B-00C04F79EFBC}") = "Coordinates.UI", "Coordinates.UI\Coordinates.UI.csproj", "{B24B1802-2CE4-4DEA-B7CC-CFC7FE36D1A8}"
EndProject
Project("{FAE04EC0-301F-11D3-BF4B-00C04F79EFBC}") = "Coordinates.Services", "Coordinates.Services\Coordinates.Services.csproj", "{3ED45296-7B7B-412F-A718-42729E9F9066}"
EndProject
Project("{FAE04EC0-301F-11D3-BF4B-00C04F79EFBC}") = "Coordinates.UI.Tests", "Coordinates.UI.Tests\Coordinates.UI.Tests.csproj", "{59E3A289-083A-4177-B8C0-20E4C8AD1453}"
EndProject
Project("{FAE04EC0-301F-11D3-BF4B-00C04F79EFBC}") = "Coordinates.Services.Tests", "Coordinates.Services.Tests\Coordinates.Services.Tests.csproj", "{CC95E1E6-2582-4669-B268-B2D7D56E811E}"
EndProject
Project("{FAE04EC0-301F-11D3-BF4B-00C04F79EFBC}") = "Coordinates.Models", "Coordinates.Models\Coordinates.Models.csproj", "{F1EC649C-E7F4-44B9-B495-A8B7D8969822}"
EndProject
Global
	GlobalSection(SolutionConfigurationPlatforms) = preSolution
		Debug|Any CPU = Debug|Any CPU
		Debug|ARM = Debug|ARM
		Debug|x64 = Debug|x64
		Debug|x86 = Debug|x86
		Release|Any CPU = Release|Any CPU
		Release|ARM = Release|ARM
		Release|x64 = Release|x64
		Release|x86 = Release|x86
	EndGlobalSection
	GlobalSection(ProjectConfigurationPlatforms) = postSolution
		{B24B1802-2CE4-4DEA-B7CC-CFC7FE36D1A8}.Debug|Any CPU.ActiveCfg = Debug|x86
		{B24B1802-2CE4-4DEA-B7CC-CFC7FE36D1A8}.Debug|ARM.ActiveCfg = Debug|ARM
		{B24B1802-2CE4-4DEA-B7CC-CFC7FE36D1A8}.Debug|ARM.Build.0 = Debug|ARM
		{B24B1802-2CE4-4DEA-B7CC-CFC7FE36D1A8}.Debug|ARM.Deploy.0 = Debug|ARM
		{B24B1802-2CE4-4DEA-B7CC-CFC7FE36D1A8}.Debug|x64.ActiveCfg = Debug|x64
		{B24B1802-2CE4-4DEA-B7CC-CFC7FE36D1A8}.Debug|x64.Build.0 = Debug|x64
		{B24B1802-2CE4-4DEA-B7CC-CFC7FE36D1A8}.Debug|x64.Deploy.0 = Debug|x64
		{B24B1802-2CE4-4DEA-B7CC-CFC7FE36D1A8}.Debug|x86.ActiveCfg = Debug|x86
		{B24B1802-2CE4-4DEA-B7CC-CFC7FE36D1A8}.Debug|x86.Build.0 = Debug|x86
		{B24B1802-2CE4-4DEA-B7CC-CFC7FE36D1A8}.Debug|x86.Deploy.0 = Debug|x86
		{B24B1802-2CE4-4DEA-B7CC-CFC7FE36D1A8}.Release|Any CPU.ActiveCfg = Release|x86
		{B24B1802-2CE4-4DEA-B7CC-CFC7FE36D1A8}.Release|ARM.ActiveCfg = Release|ARM
		{B24B1802-2CE4-4DEA-B7CC-CFC7FE36D1A8}.Release|ARM.Build.0 = Release|ARM
		{B24B1802-2CE4-4DEA-B7CC-CFC7FE36D1A8}.Release|ARM.Deploy.0 = Release|ARM
		{B24B1802-2CE4-4DEA-B7CC-CFC7FE36D1A8}.Release|x64.ActiveCfg = Release|x64
		{B24B1802-2CE4-4DEA-B7CC-CFC7FE36D1A8}.Release|x64.Build.0 = Release|x64
		{B24B1802-2CE4-4DEA-B7CC-CFC7FE36D1A8}.Release|x64.Deploy.0 = Release|x64
		{B24B1802-2CE4-4DEA-B7CC-CFC7FE36D1A8}.Release|x86.ActiveCfg = Release|x86
		{B24B1802-2CE4-4DEA-B7CC-CFC7FE36D1A8}.Release|x86.Build.0 = Release|x86
		{B24B1802-2CE4-4DEA-B7CC-CFC7FE36D1A8}.Release|x86.Deploy.0 = Release|x86
		{3ED45296-7B7B-412F-A718-42729E9F9066}.Debug|Any CPU.ActiveCfg = Debug|Any CPU
		{3ED45296-7B7B-412F-A718-42729E9F9066}.Debug|Any CPU.Build.0 = Debug|Any CPU
		{3ED45296-7B7B-412F-A718-42729E9F9066}.Debug|ARM.ActiveCfg = Debug|ARM
		{3ED45296-7B7B-412F-A718-42729E9F9066}.Debug|ARM.Build.0 = Debug|ARM
		{3ED45296-7B7B-412F-A718-42729E9F9066}.Debug|x64.ActiveCfg = Debug|x64
		{3ED45296-7B7B-412F-A718-42729E9F9066}.Debug|x64.Build.0 = Debug|x64
		{3ED45296-7B7B-412F-A718-42729E9F9066}.Debug|x86.ActiveCfg = Debug|x86
		{3ED45296-7B7B-412F-A718-42729E9F9066}.Debug|x86.Build.0 = Debug|x86
		{3ED45296-7B7B-412F-A718-42729E9F9066}.Release|Any CPU.ActiveCfg = Release|Any CPU
		{3ED45296-7B7B-412F-A718-42729E9F9066}.Release|Any CPU.Build.0 = Release|Any CPU
		{3ED45296-7B7B-412F-A718-42729E9F9066}.Release|ARM.ActiveCfg = Release|ARM
		{3ED45296-7B7B-412F-A718-42729E9F9066}.Release|ARM.Build.0 = Release|ARM
		{3ED45296-7B7B-412F-A718-42729E9F9066}.Release|x64.ActiveCfg = Release|x64
		{3ED45296-7B7B-412F-A718-42729E9F9066}.Release|x64.Build.0 = Release|x64
		{3ED45296-7B7B-412F-A718-42729E9F9066}.Release|x86.ActiveCfg = Release|x86
		{3ED45296-7B7B-412F-A718-42729E9F9066}.Release|x86.Build.0 = Release|x86
		{59E3A289-083A-4177-B8C0-20E4C8AD1453}.Debug|Any CPU.ActiveCfg = Debug|Any CPU
		{59E3A289-083A-4177-B8C0-20E4C8AD1453}.Debug|Any CPU.Build.0 = Debug|Any CPU
		{59E3A289-083A-4177-B8C0-20E4C8AD1453}.Debug|ARM.ActiveCfg = Debug|Any CPU
		{59E3A289-083A-4177-B8C0-20E4C8AD1453}.Debug|ARM.Build.0 = Debug|Any CPU
		{59E3A289-083A-4177-B8C0-20E4C8AD1453}.Debug|x64.ActiveCfg = Debug|Any CPU
		{59E3A289-083A-4177-B8C0-20E4C8AD1453}.Debug|x64.Build.0 = Debug|Any CPU
		{59E3A289-083A-4177-B8C0-20E4C8AD1453}.Debug|x86.ActiveCfg = Debug|Any CPU
		{59E3A289-083A-4177-B8C0-20E4C8AD1453}.Debug|x86.Build.0 = Debug|Any CPU
		{59E3A289-083A-4177-B8C0-20E4C8AD1453}.Release|Any CPU.ActiveCfg = Release|Any CPU
		{59E3A289-083A-4177-B8C0-20E4C8AD1453}.Release|Any CPU.Build.0 = Release|Any CPU
		{59E3A289-083A-4177-B8C0-20E4C8AD1453}.Release|ARM.ActiveCfg = Release|Any CPU
		{59E3A289-083A-4177-B8C0-20E4C8AD1453}.Release|ARM.Build.0 = Release|Any CPU
		{59E3A289-083A-4177-B8C0-20E4C8AD1453}.Release|x64.ActiveCfg = Release|Any CPU
		{59E3A289-083A-4177-B8C0-20E4C8AD1453}.Release|x64.Build.0 = Release|Any CPU
		{59E3A289-083A-4177-B8C0-20E4C8AD1453}.Release|x86.ActiveCfg = Release|Any CPU
		{59E3A289-083A-4177-B8C0-20E4C8AD1453}.Release|x86.Build.0 = Release|Any CPU
		{CC95E1E6-2582-4669-B268-B2D7D56E811E}.Debug|Any CPU.ActiveCfg = Debug|Any CPU
		{CC95E1E6-2582-4669-B268-B2D7D56E811E}.Debug|Any CPU.Build.0 = Debug|Any CPU
		{CC95E1E6-2582-4669-B268-B2D7D56E811E}.Debug|ARM.ActiveCfg = Debug|Any CPU
		{CC95E1E6-2582-4669-B268-B2D7D56E811E}.Debug|ARM.Build.0 = Debug|Any CPU
		{CC95E1E6-2582-4669-B268-B2D7D56E811E}.Debug|x64.ActiveCfg = Debug|Any CPU
		{CC95E1E6-2582-4669-B268-B2D7D56E811E}.Debug|x64.Build.0 = Debug|Any CPU
		{CC95E1E6-2582-4669-B268-B2D7D56E811E}.Debug|x86.ActiveCfg = Debug|Any CPU
		{CC95E1E6-2582-4669-B268-B2D7D56E811E}.Debug|x86.Build.0 = Debug|Any CPU
		{CC95E1E6-2582-4669-B268-B2D7D56E811E}.Release|Any CPU.ActiveCfg = Release|Any CPU
		{CC95E1E6-2582-4669-B268-B2D7D56E811E}.Release|Any CPU.Build.0 = Release|Any CPU
		{CC95E1E6-2582-4669-B268-B2D7D56E811E}.Release|ARM.ActiveCfg = Release|Any CPU
		{CC95E1E6-2582-4669-B268-B2D7D56E811E}.Release|ARM.Build.0 = Release|Any CPU
		{CC95E1E6-2582-4669-B268-B2D7D56E811E}.Release|x64.ActiveCfg = Release|Any CPU
		{CC95E1E6-2582-4669-B268-B2D7D56E811E}.Release|x64.Build.0 = Release|Any CPU
		{CC95E1E6-2582-4669-B268-B2D7D56E811E}.Release|x86.ActiveCfg = Release|Any CPU
		{CC95E1E6-2582-4669-B268-B2D7D56E811E}.Release|x86.Build.0 = Release|Any CPU
		{F1EC649C-E7F4-44B9-B495-A8B7D8969822}.Debug|Any CPU.ActiveCfg = Debug|Any CPU
		{F1EC649C-E7F4-44B9-B495-A8B7D8969822}.Debug|Any CPU.Build.0 = Debug|Any CPU
		{F1EC649C-E7F4-44B9-B495-A8B7D8969822}.Debug|ARM.ActiveCfg = Debug|ARM
		{F1EC649C-E7F4-44B9-B495-A8B7D8969822}.Debug|ARM.Build.0 = Debug|ARM
		{F1EC649C-E7F4-44B9-B495-A8B7D8969822}.Debug|x64.ActiveCfg = Debug|x64
		{F1EC649C-E7F4-44B9-B495-A8B7D8969822}.Debug|x64.Build.0 = Debug|x64
		{F1EC649C-E7F4-44B9-B495-A8B7D8969822}.Debug|x86.ActiveCfg = Debug|x86
		{F1EC649C-E7F4-44B9-B495-A8B7D8969822}.Debug|x86.Build.0 = Debug|x86
		{F1EC649C-E7F4-44B9-B495-A8B7D8969822}.Release|Any CPU.ActiveCfg = Release|Any CPU
		{F1EC649C-E7F4-44B9-B495-A8B7D8969822}.Release|Any CPU.Build.0 = Release|Any CPU
		{F1EC649C-E7F4-44B9-B495-A8B7D8969822}.Release|ARM.ActiveCfg = Release|ARM
		{F1EC649C-E7F4-44B9-B495-A8B7D8969822}.Release|ARM.Build.0 = Release|ARM
		{F1EC649C-E7F4-44B9-B495-A8B7D8969822}.Release|x64.ActiveCfg = Release|x64
		{F1EC649C-E7F4-44B9-B495-A8B7D8969822}.Release|x64.Build.0 = Release|x64
		{F1EC649C-E7F4-44B9-B495-A8B7D8969822}.Release|x86.ActiveCfg = Release|x86
		{F1EC649C-E7F4-44B9-B495-A8B7D8969822}.Release|x86.Build.0 = Release|x86
	EndGlobalSection
	GlobalSection(SolutionProperties) = preSolution
		HideSolutionNode = FALSE
	EndGlobalSection
EndGlobal
